
Microsoft Visual Studio Solution File, Format Version 12.00
# Visual Studio Version 17
VisualStudioVersion = 17.5.002.0
MinimumVisualStudioVersion = 10.0.40219.1
Project("{9A19103F-16F7-4668-BE54-9A1E7A4F7556}") = "scrape-db-api", "scrape-db-api.csproj", "{B1EC9A37-00EC-419D-BF9C-62D47439F2BB}"
EndProject
Global
	GlobalSection(SolutionConfigurationPlatforms) = preSolution
		Debug|Any CPU = Debug|Any CPU
		Release|Any CPU = Release|Any CPU
	EndGlobalSection
	GlobalSection(ProjectConfigurationPlatforms) = postSolution
		{B1EC9A37-00EC-419D-BF9C-62D47439F2BB}.Debug|Any CPU.ActiveCfg = Debug|Any CPU
		{B1EC9A37-00EC-419D-BF9C-62D47439F2BB}.Debug|Any CPU.Build.0 = Debug|Any CPU
		{B1EC9A37-00EC-419D-BF9C-62D47439F2BB}.Release|Any CPU.ActiveCfg = Release|Any CPU
		{B1EC9A37-00EC-419D-BF9C-62D47439F2BB}.Release|Any CPU.Build.0 = Release|Any CPU
	EndGlobalSection
	GlobalSection(SolutionProperties) = preSolution
		HideSolutionNode = FALSE
	EndGlobalSection
	GlobalSection(ExtensibilityGlobals) = postSolution
		SolutionGuid = {21570FEE-987F-428D-92A4-4C4D72FDD621}
	EndGlobalSection
EndGlobal
